
Microsoft Visual Studio Solution File, Format Version 12.00
# Visual Studio Version 16
VisualStudioVersion = 16.0.30717.126
MinimumVisualStudioVersion = 10.0.40219.1
Project("{FAE04EC0-301F-11D3-BF4B-00C04F79EFBC}") = "DependancyInjection", "DependancyInjection\DependancyInjection.csproj", "{6259ABE0-DE0C-4D8E-9E4F-365E1063DB28}"
EndProject
Global
	GlobalSection(SolutionConfigurationPlatforms) = preSolution
		Debug|Any CPU = Debug|Any CPU
		Release|Any CPU = Release|Any CPU
	EndGlobalSection
	GlobalSection(ProjectConfigurationPlatforms) = postSolution
		{6259ABE0-DE0C-4D8E-9E4F-365E1063DB28}.Debug|Any CPU.ActiveCfg = Debug|Any CPU
		{6259ABE0-DE0C-4D8E-9E4F-365E1063DB28}.Debug|Any CPU.Build.0 = Debug|Any CPU
		{6259ABE0-DE0C-4D8E-9E4F-365E1063DB28}.Release|Any CPU.ActiveCfg = Release|Any CPU
		{6259ABE0-DE0C-4D8E-9E4F-365E1063DB28}.Release|Any CPU.Build.0 = Release|Any CPU
	EndGlobalSection
	GlobalSection(SolutionProperties) = preSolution
		HideSolutionNode = FALSE
	EndGlobalSection
	GlobalSection(ExtensibilityGlobals) = postSolution
		SolutionGuid = {2E8455D7-488B-464D-B89A-A5CE169E12A2}
	EndGlobalSection
EndGlobal
